
Microsoft Visual Studio Solution File, Format Version 10.00
# Visual Studio 2008
Project("{F184B08F-C81C-45F6-A57F-5ABD9991F28F}") = "winotica", "winotica.vbproj", "{B58F53DC-5B45-4A94-B98F-34FB7798489B}"
EndProject
Global
	GlobalSection(SolutionConfigurationPlatforms) = preSolution
		Debug|Any CPU = Debug|Any CPU
		Release|Any CPU = Release|Any CPU
	EndGlobalSection
	GlobalSection(ProjectConfigurationPlatforms) = postSolution
		{B58F53DC-5B45-4A94-B98F-34FB7798489B}.Debug|Any CPU.ActiveCfg = Debug|Any CPU
		{B58F53DC-5B45-4A94-B98F-34FB7798489B}.Debug|Any CPU.Build.0 = Debug|Any CPU
		{B58F53DC-5B45-4A94-B98F-34FB7798489B}.Release|Any CPU.ActiveCfg = Release|Any CPU
		{B58F53DC-5B45-4A94-B98F-34FB7798489B}.Release|Any CPU.Build.0 = Release|Any CPU
	EndGlobalSection
	GlobalSection(SolutionProperties) = preSolution
		HideSolutionNode = FALSE
	EndGlobalSection
EndGlobal
